
Microsoft Visual Studio Solution File, Format Version 12.00
# Visual Studio Version 17
VisualStudioVersion = 17.5.002.0
MinimumVisualStudioVersion = 10.0.40219.1
Project("{9A19103F-16F7-4668-BE54-9A1E7A4F7556}") = "practica pa el parcial", "practica pa el parcial.csproj", "{FA4D0AA6-B9CC-44AD-9817-886D57D54673}"
EndProject
Global
	GlobalSection(SolutionConfigurationPlatforms) = preSolution
		Debug|Any CPU = Debug|Any CPU
		Release|Any CPU = Release|Any CPU
	EndGlobalSection
	GlobalSection(ProjectConfigurationPlatforms) = postSolution
		{FA4D0AA6-B9CC-44AD-9817-886D57D54673}.Debug|Any CPU.ActiveCfg = Debug|Any CPU
		{FA4D0AA6-B9CC-44AD-9817-886D57D54673}.Debug|Any CPU.Build.0 = Debug|Any CPU
		{FA4D0AA6-B9CC-44AD-9817-886D57D54673}.Release|Any CPU.ActiveCfg = Release|Any CPU
		{FA4D0AA6-B9CC-44AD-9817-886D57D54673}.Release|Any CPU.Build.0 = Release|Any CPU
	EndGlobalSection
	GlobalSection(SolutionProperties) = preSolution
		HideSolutionNode = FALSE
	EndGlobalSection
	GlobalSection(ExtensibilityGlobals) = postSolution
		SolutionGuid = {B5D9214F-0014-4A60-8A53-95EE96D66F98}
	EndGlobalSection
EndGlobal
